
Microsoft Visual Studio Solution File, Format Version 12.00
# Visual Studio Version 17
VisualStudioVersion = 17.14.36429.23 d17.14
MinimumVisualStudioVersion = 10.0.40219.1
Project("{FAE04EC0-301F-11D3-BF4B-00C04F79EFBC}") = "ProjectQuanLySinhVien", "ProjectQuanLySinhVien\ProjectQuanLySinhVien.csproj", "{DBDBC4C0-C9C5-48B5-88AF-6205E519BE75}"
EndProject
Global
	GlobalSection(SolutionConfigurationPlatforms) = preSolution
		Debug|Any CPU = Debug|Any CPU
		Release|Any CPU = Release|Any CPU
	EndGlobalSection
	GlobalSection(ProjectConfigurationPlatforms) = postSolution
		{DBDBC4C0-C9C5-48B5-88AF-6205E519BE75}.Debug|Any CPU.ActiveCfg = Debug|Any CPU
		{DBDBC4C0-C9C5-48B5-88AF-6205E519BE75}.Debug|Any CPU.Build.0 = Debug|Any CPU
		{DBDBC4C0-C9C5-48B5-88AF-6205E519BE75}.Release|Any CPU.ActiveCfg = Release|Any CPU
		{DBDBC4C0-C9C5-48B5-88AF-6205E519BE75}.Release|Any CPU.Build.0 = Release|Any CPU
	EndGlobalSection
	GlobalSection(SolutionProperties) = preSolution
		HideSolutionNode = FALSE
	EndGlobalSection
	GlobalSection(ExtensibilityGlobals) = postSolution
		SolutionGuid = {D6F72B85-EC8E-49C5-80E2-0C0E4E438340}
	EndGlobalSection
EndGlobal
